
Microsoft Visual Studio Solution File, Format Version 12.00
# Visual Studio Version 17
VisualStudioVersion = 17.5.33424.131
MinimumVisualStudioVersion = 10.0.40219.1
Project("{FAE04EC0-301F-11D3-BF4B-00C04F79EFBC}") = "RestaurantCRUDTutorial", "RestaurantCRUDTutorial\RestaurantCRUDTutorial.csproj", "{25444D67-4139-42EA-84B9-44D761FE6CDC}"
EndProject
Global
	GlobalSection(SolutionConfigurationPlatforms) = preSolution
		Debug|Any CPU = Debug|Any CPU
		Release|Any CPU = Release|Any CPU
	EndGlobalSection
	GlobalSection(ProjectConfigurationPlatforms) = postSolution
		{25444D67-4139-42EA-84B9-44D761FE6CDC}.Debug|Any CPU.ActiveCfg = Debug|Any CPU
		{25444D67-4139-42EA-84B9-44D761FE6CDC}.Debug|Any CPU.Build.0 = Debug|Any CPU
		{25444D67-4139-42EA-84B9-44D761FE6CDC}.Release|Any CPU.ActiveCfg = Release|Any CPU
		{25444D67-4139-42EA-84B9-44D761FE6CDC}.Release|Any CPU.Build.0 = Release|Any CPU
	EndGlobalSection
	GlobalSection(SolutionProperties) = preSolution
		HideSolutionNode = FALSE
	EndGlobalSection
	GlobalSection(ExtensibilityGlobals) = postSolution
		SolutionGuid = {18A71AFD-D8FD-4C07-B185-EA5E8A06BA9E}
	EndGlobalSection
EndGlobal
